
Microsoft Visual Studio Solution File, Format Version 12.00
# Visual Studio 15
VisualStudioVersion = 15.0.33026.149
MinimumVisualStudioVersion = 10.0.40219.1
Project("{FAE04EC0-301F-11D3-BF4B-00C04F79EFBC}") = "ATMApp", "ATMApp\ATMApp.csproj", "{88F81A12-317A-4DD7-A2A5-92317E77F142}"
EndProject
Global
	GlobalSection(SolutionConfigurationPlatforms) = preSolution
		Debug|Any CPU = Debug|Any CPU
		Release|Any CPU = Release|Any CPU
	EndGlobalSection
	GlobalSection(ProjectConfigurationPlatforms) = postSolution
		{88F81A12-317A-4DD7-A2A5-92317E77F142}.Debug|Any CPU.ActiveCfg = Debug|Any CPU
		{88F81A12-317A-4DD7-A2A5-92317E77F142}.Debug|Any CPU.Build.0 = Debug|Any CPU
		{88F81A12-317A-4DD7-A2A5-92317E77F142}.Release|Any CPU.ActiveCfg = Release|Any CPU
		{88F81A12-317A-4DD7-A2A5-92317E77F142}.Release|Any CPU.Build.0 = Release|Any CPU
	EndGlobalSection
	GlobalSection(SolutionProperties) = preSolution
		HideSolutionNode = FALSE
	EndGlobalSection
	GlobalSection(ExtensibilityGlobals) = postSolution
		SolutionGuid = {36584A19-E26A-4A99-9827-37AA6F0E313A}
	EndGlobalSection
EndGlobal
